
Microsoft Visual Studio Solution File, Format Version 12.00
# Visual Studio Version 17
VisualStudioVersion = 17.0.31903.59
MinimumVisualStudioVersion = 10.0.40219.1
Project("{9A19103F-16F7-4668-BE54-9A1E7A4F7556}") = "ReturnResponse.Api", "ReturnResponse.Api\ReturnResponse.Api.csproj", "{C389AA50-A56C-44C7-8C4F-493B01D50C91}"
EndProject
Project("{9A19103F-16F7-4668-BE54-9A1E7A4F7556}") = "ReturnResponse.UnitTests", "ReturnResponse.UnitTests\ReturnResponse.UnitTests.csproj", "{B061ACE3-80DD-4BB8-A28B-ABBD6FC8F6DA}"
EndProject
Global
	GlobalSection(SolutionConfigurationPlatforms) = preSolution
		Debug|Any CPU = Debug|Any CPU
		Release|Any CPU = Release|Any CPU
	EndGlobalSection
	GlobalSection(ProjectConfigurationPlatforms) = postSolution
		{C389AA50-A56C-44C7-8C4F-493B01D50C91}.Debug|Any CPU.ActiveCfg = Debug|Any CPU
		{C389AA50-A56C-44C7-8C4F-493B01D50C91}.Debug|Any CPU.Build.0 = Debug|Any CPU
		{C389AA50-A56C-44C7-8C4F-493B01D50C91}.Release|Any CPU.ActiveCfg = Release|Any CPU
		{C389AA50-A56C-44C7-8C4F-493B01D50C91}.Release|Any CPU.Build.0 = Release|Any CPU
		{B061ACE3-80DD-4BB8-A28B-ABBD6FC8F6DA}.Debug|Any CPU.ActiveCfg = Debug|Any CPU
		{B061ACE3-80DD-4BB8-A28B-ABBD6FC8F6DA}.Debug|Any CPU.Build.0 = Debug|Any CPU
		{B061ACE3-80DD-4BB8-A28B-ABBD6FC8F6DA}.Release|Any CPU.ActiveCfg = Release|Any CPU
		{B061ACE3-80DD-4BB8-A28B-ABBD6FC8F6DA}.Release|Any CPU.Build.0 = Release|Any CPU
	EndGlobalSection
	GlobalSection(SolutionProperties) = preSolution
		HideSolutionNode = FALSE
	EndGlobalSection
	GlobalSection(ExtensibilityGlobals) = postSolution
		SolutionGuid = {A159A944-D5A1-47AF-9CD8-5DA97E06F59E}
	EndGlobalSection
EndGlobal
